<Solution>
  <Folder Name="/Proyectos/">
    <Project Path="Proyectos/Animales/Animales.csproj" />
    <Project Path="Proyectos/PokiApi/PokiApi.csproj" />
    <Project Path="Proyectos/RickYMorty/RickYMorty.csproj" />
    <Project Path="Proyectos/SWApi/SWApi.csproj" />
  </Folder>
  <Project Path="Animales/Animales.csproj" />
</Solution>
